{
    "hash": "3f2989144d7f38b01cef85bb926eecb1",
    "packages": [
        {
            "name": "illuminate/support",
            "version": "dev-master",
            "target-dir": "Illuminate/Support",
            "source": {
                "type": "git",
                "url": "http://github.com/illuminate/support",
                "reference": "5caf15fab229a52f3d864bbfe8c5150e5764a56b"
            },
            "dist": {
                "type": "zip",
                "url": "https://github.com/illuminate/support/archive/5caf15fab229a52f3d864bbfe8c5150e5764a56b.zip",
                "reference": "5caf15fab229a52f3d864bbfe8c5150e5764a56b",
                "shasum": ""
            },
            "require": {
                "php": ">=5.3.0"
            },
            "time": "2013-01-11 17:19:12",
            "type": "library",
            "extra": {
                "branch-alias": {
                    "dev-master": "4.0-dev"
                }
            },
            "autoload": {
                "psr-0": {
                    "Illuminate\\Support": ""
                },
                "files": [
                    "Illuminate/Support/helpers.php"
                ]
            },
            "notification-url": "http://packagist.org/downloads/",
            "authors": [
                {
                    "name": "Taylor Otwell",
                    "email": "taylorotwell@gmail.com"
                }
            ],
            "description": "Various utilities and support functions."
        },
        {
            "name": "leafo/lessphp",
            "version": "dev-master",
            "source": {
                "type": "git",
                "url": "http://github.com/leafo/lessphp",
                "reference": "da15f54506ce5023eaeb9ad9cae83470ffe018a1"
            },
            "dist": {
                "type": "zip",
                "url": "https://github.com/leafo/lessphp/archive/da15f54506ce5023eaeb9ad9cae83470ffe018a1.zip",
                "reference": "da15f54506ce5023eaeb9ad9cae83470ffe018a1",
                "shasum": ""
            },
            "time": "2012-11-03 17:50:34",
            "type": "library",
            "autoload": {
                "classmap": [
                    "lessc.inc.php"
                ]
            },
            "notification-url": "http://packagist.org/downloads/",
            "license": [
                "MIT",
                "GPL-3.0"
            ],
            "authors": [
                {
                    "name": "Leaf Corcoran",
                    "email": "leafot@gmail.com",
                    "homepage": "http://leafo.net"
                }
            ],
            "description": "lessphp is a compiler for LESS written in PHP.",
            "homepage": "http://leafo.net/lessphp/"
        }
    ],
    "packages-dev": null,
    "aliases": [

    ],
    "minimum-stability": "dev",
    "stability-flags": [

    ]
}
